// !$*UTF8*$!
{
	archiveVersion = 1;
	classes = {
	};
	objectVersion = 46;
	objects = {

/* Begin PBXBuildFile section */
		482584EE1843D73D00CCC677 /* UIKit.framework in Frameworks */ = {isa = PBXBuildFile; fileRef = 482584ED1843D73D00CCC677 /* UIKit.framework */; };
		482584F01843D73D00CCC677 /* Foundation.framework in Frameworks */ = {isa = PBXBuildFile; fileRef = 482584EF1843D73D00CCC677 /* Foundation.framework */; };
		482584F21843D73D00CCC677 /* CoreGraphics.framework in Frameworks */ = {isa = PBXBuildFile; fileRef = 482584F11843D73D00CCC677 /* CoreGraphics.framework */; };
		482584F81843D73D00CCC677 /* InfoPlist.strings in Resources */ = {isa = PBXBuildFile; fileRef = 482584F61843D73D00CCC677 /* InfoPlist.strings */; };
		482584FA1843D73D00CCC677 /* main.m in Sources */ = {isa = PBXBuildFile; fileRef = 482584F91843D73D00CCC677 /* main.m */; };
		482584FE1843D73D00CCC677 /* TTTAppDelegate.m in Sources */ = {isa = PBXBuildFile; fileRef = 482584FD1843D73D00CCC677 /* TTTAppDelegate.m */; };
		482585001843D73D00CCC677 /* Default.png in Resources */ = {isa = PBXBuildFile; fileRef = 482584FF1843D73D00CCC677 /* Default.png */; };
		482585021843D73D00CCC677 /* Default@2x.png in Resources */ = {isa = PBXBuildFile; fileRef = 482585011843D73D00CCC677 /* Default@2x.png */; };
		482585041843D73D00CCC677 /* Default-568h@2x.png in Resources */ = {isa = PBXBuildFile; fileRef = 482585031843D73D00CCC677 /* Default-568h@2x.png */; };
		482585071843D73D00CCC677 /* TTTViewController.m in Sources */ = {isa = PBXBuildFile; fileRef = 482585061843D73D00CCC677 /* TTTViewController.m */; };
		4825850A1843D73D00CCC677 /* TTTViewController.xib in Resources */ = {isa = PBXBuildFile; fileRef = 482585081843D73D00CCC677 /* TTTViewController.xib */; };
/* End PBXBuildFile section */

/* Begin PBXFileReference section */
		482584EA1843D73D00CCC677 /* 1. An Asychronous Example.app */ = {isa = PBXFileReference; explicitFileType = wrapper.application; includeInIndex = 0; path = "1. An Asychronous Example.app"; sourceTree = BUILT_PRODUCTS_DIR; };
		482584ED1843D73D00CCC677 /* UIKit.framework */ = {isa = PBXFileReference; lastKnownFileType = wrapper.framework; name = UIKit.framework; path = System/Library/Frameworks/UIKit.framework; sourceTree = SDKROOT; };
		482584EF1843D73D00CCC677 /* Foundation.framework */ = {isa = PBXFileReference; lastKnownFileType = wrapper.framework; name = Foundation.framework; path = System/Library/Frameworks/Foundation.framework; sourceTree = SDKROOT; };
		482584F11843D73D00CCC677 /* CoreGraphics.framework */ = {isa = PBXFileReference; lastKnownFileType = wrapper.framework; name = CoreGraphics.framework; path = System/Library/Frameworks/CoreGraphics.framework; sourceTree = SDKROOT; };
		482584F51843D73D00CCC677 /* 1. An Asychronous Example-Info.plist */ = {isa = PBXFileReference; lastKnownFileType = text.plist.xml; path = "1. An Asychronous Example-Info.plist"; sourceTree = "<group>"; };
		482584F71843D73D00CCC677 /* en */ = {isa = PBXFileReference; lastKnownFileType = text.plist.strings; name = en; path = en.lproj/InfoPlist.strings; sourceTree = "<group>"; };
		482584F91843D73D00CCC677 /* main.m */ = {isa = PBXFileReference; lastKnownFileType = sourcecode.c.objc; path = main.m; sourceTree = "<group>"; };
		482584FB1843D73D00CCC677 /* 1. An Asychronous Example-Prefix.pch */ = {isa = PBXFileReference; lastKnownFileType = sourcecode.c.h; path = "1. An Asychronous Example-Prefix.pch"; sourceTree = "<group>"; };
		482584FC1843D73D00CCC677 /* TTTAppDelegate.h */ = {isa = PBXFileReference; lastKnownFileType = sourcecode.c.h; path = TTTAppDelegate.h; sourceTree = "<group>"; };
		482584FD1843D73D00CCC677 /* TTTAppDelegate.m */ = {isa = PBXFileReference; lastKnownFileType = sourcecode.c.objc; path = TTTAppDelegate.m; sourceTree = "<group>"; };
		482584FF1843D73D00CCC677 /* Default.png */ = {isa = PBXFileReference; lastKnownFileType = image.png; path = Default.png; sourceTree = "<group>"; };
		482585011843D73D00CCC677 /* Default@2x.png */ = {isa = PBXFileReference; lastKnownFileType = image.png; path = "Default@2x.png"; sourceTree = "<group>"; };
		482585031843D73D00CCC677 /* Default-568h@2x.png */ = {isa = PBXFileReference; lastKnownFileType = image.png; path = "Default-568h@2x.png"; sourceTree = "<group>"; };
		482585051843D73D00CCC677 /* TTTViewController.h */ = {isa = PBXFileReference; lastKnownFileType = sourcecode.c.h; path = TTTViewController.h; sourceTree = "<group>"; };
		482585061843D73D00CCC677 /* TTTViewController.m */ = {isa = PBXFileReference; lastKnownFileType = sourcecode.c.objc; path = TTTViewController.m; sourceTree = "<group>"; };
		482585091843D73D00CCC677 /* en */ = {isa = PBXFileReference; lastKnownFileType = file.xib; name = en; path = en.lproj/TTTViewController.xib; sourceTree = "<group>"; };
/* End PBXFileReference section */

/* Begin PBXFrameworksBuildPhase section */
		482584E71843D73C00CCC677 /* Frameworks */ = {
			isa = PBXFrameworksBuildPhase;
			buildActionMask = 2147483647;
			files = (
				482584EE1843D73D00CCC677 /* UIKit.framework in Frameworks */,
				482584F01843D73D00CCC677 /* Foundation.framework in Frameworks */,
				482584F21843D73D00CCC677 /* CoreGraphics.framework in Frameworks */,
			);
			runOnlyForDeploymentPostprocessing = 0;
		};
/* End PBXFrameworksBuildPhase section */

/* Begin PBXGroup section */
		482584E11843D73C00CCC677 = {
			isa = PBXGroup;
			children = (
				482584F31843D73D00CCC677 /* 1. An Asychronous Example */,
				482584EC1843D73D00CCC677 /* Frameworks */,
				482584EB1843D73D00CCC677 /* Products */,
			);
			sourceTree = "<group>";
		};
		482584EB1843D73D00CCC677 /* Products */ = {
			isa = PBXGroup;
			children = (
				482584EA1843D73D00CCC677 /* 1. An Asychronous Example.app */,
			);
			name = Products;
			sourceTree = "<group>";
		};
		482584EC1843D73D00CCC677 /* Frameworks */ = {
			isa = PBXGroup;
			children = (
				482584ED1843D73D00CCC677 /* UIKit.framework */,
				482584EF1843D73D00CCC677 /* Foundation.framework */,
				482584F11843D73D00CCC677 /* CoreGraphics.framework */,
			);
			name = Frameworks;
			sourceTree = "<group>";
		};
		482584F31843D73D00CCC677 /* 1. An Asychronous Example */ = {
			isa = PBXGroup;
			children = (
				482584FC1843D73D00CCC677 /* TTTAppDelegate.h */,
				482584FD1843D73D00CCC677 /* TTTAppDelegate.m */,
				482585051843D73D00CCC677 /* TTTViewController.h */,
				482585061843D73D00CCC677 /* TTTViewController.m */,
				482585081843D73D00CCC677 /* TTTViewController.xib */,
				482584F41843D73D00CCC677 /* Supporting Files */,
			);
			path = "1. An Asychronous Example";
			sourceTree = "<group>";
		};
		482584F41843D73D00CCC677 /* Supporting Files */ = {
			isa = PBXGroup;
			children = (
				482584F51843D73D00CCC677 /* 1. An Asychronous Example-Info.plist */,
				482584F61843D73D00CCC677 /* InfoPlist.strings */,
				482584F91843D73D00CCC677 /* main.m */,
				482584FB1843D73D00CCC677 /* 1. An Asychronous Example-Prefix.pch */,
				482584FF1843D73D00CCC677 /* Default.png */,
				482585011843D73D00CCC677 /* Default@2x.png */,
				482585031843D73D00CCC677 /* Default-568h@2x.png */,
			);
			name = "Supporting Files";
			sourceTree = "<group>";
		};
/* End PBXGroup section */

/* Begin PBXNativeTarget section */
		482584E91843D73C00CCC677 /* 1. An Asychronous Example */ = {
			isa = PBXNativeTarget;
			buildConfigurationList = 4825850D1843D73D00CCC677 /* Build configuration list for PBXNativeTarget "1. An Asychronous Example" */;
			buildPhases = (
				482584E61843D73C00CCC677 /* Sources */,
				482584E71843D73C00CCC677 /* Frameworks */,
				482584E81843D73C00CCC677 /* Resources */,
			);
			buildRules = (
			);
			dependencies = (
			);
			name = "1. An Asychronous Example";
			productName = "1. An Asychronous Example";
			productReference = 482584EA1843D73D00CCC677 /* 1. An Asychronous Example.app */;
			productType = "com.apple.product-type.application";
		};
/* End PBXNativeTarget section */

/* Begin PBXProject section */
		482584E21843D73C00CCC677 /* Project object */ = {
			isa = PBXProject;
			attributes = {
				CLASSPREFIX = TTT;
				LastUpgradeCheck = 0460;
				ORGANIZATIONNAME = TurnToTech;
			};
			buildConfigurationList = 482584E51843D73C00CCC677 /* Build configuration list for PBXProject "1. An Asychronous Example" */;
			compatibilityVersion = "Xcode 3.2";
			developmentRegion = English;
			hasScannedForEncodings = 0;
			knownRegions = (
				en,
			);
			mainGroup = 482584E11843D73C00CCC677;
			productRefGroup = 482584EB1843D73D00CCC677 /* Products */;
			projectDirPath = "";
			projectRoot = "";
			targets = (
				482584E91843D73C00CCC677 /* 1. An Asychronous Example */,
			);
		};
/* End PBXProject section */

/* Begin PBXResourcesBuildPhase section */
		482584E81843D73C00CCC677 /* Resources */ = {
			isa = PBXResourcesBuildPhase;
			buildActionMask = 2147483647;
			files = (
				482584F81843D73D00CCC677 /* InfoPlist.strings in Resources */,
				482585001843D73D00CCC677 /* Default.png in Resources */,
				482585021843D73D00CCC677 /* Default@2x.png in Resources */,
				482585041843D73D00CCC677 /* Default-568h@2x.png in Resources */,
				4825850A1843D73D00CCC677 /* TTTViewController.xib in Resources */,
			);
			runOnlyForDeploymentPostprocessing = 0;
		};
/* End PBXResourcesBuildPhase section */

/* Begin PBXSourcesBuildPhase section */
		482584E61843D73C00CCC677 /* Sources */ = {
			isa = PBXSourcesBuildPhase;
			buildActionMask = 2147483647;
			files = (
				482584FA1843D73D00CCC677 /* main.m in Sources */,
				482584FE1843D73D00CCC677 /* TTTAppDelegate.m in Sources */,
				482585071843D73D00CCC677 /* TTTViewController.m in Sources */,
			);
			runOnlyForDeploymentPostprocessing = 0;
		};
/* End PBXSourcesBuildPhase section */

/* Begin PBXVariantGroup section */
		482584F61843D73D00CCC677 /* InfoPlist.strings */ = {
			isa = PBXVariantGroup;
			children = (
				482584F71843D73D00CCC677 /* en */,
			);
			name = InfoPlist.strings;
			sourceTree = "<group>";
		};
		482585081843D73D00CCC677 /* TTTViewController.xib */ = {
			isa = PBXVariantGroup;
			children = (
				482585091843D73D00CCC677 /* en */,
			);
			name = TTTViewController.xib;
			sourceTree = "<group>";
		};
/* End PBXVariantGroup section */

/* Begin XCBuildConfiguration section */
		4825850B1843D73D00CCC677 /* Debug */ = {
			isa = XCBuildConfiguration;
			buildSettings = {
				ALWAYS_SEARCH_USER_PATHS = NO;
				CLANG_CXX_LANGUAGE_STANDARD = "gnu++0x";
				CLANG_CXX_LIBRARY = "libc++";
				CLANG_WARN_CONSTANT_CONVERSION = YES;
				CLANG_WARN_EMPTY_BODY = YES;
				CLANG_WARN_ENUM_CONVERSION = YES;
				CLANG_WARN_INT_CONVERSION = YES;
				CLANG_WARN__DUPLICATE_METHOD_MATCH = YES;
				"CODE_SIGN_IDENTITY[sdk=iphoneos*]" = "iPhone Developer";
				COPY_PHASE_STRIP = NO;
				GCC_C_LANGUAGE_STANDARD = gnu99;
				GCC_DYNAMIC_NO_PIC = NO;
				GCC_OPTIMIZATION_LEVEL = 0;
				GCC_PREPROCESSOR_DEFINITIONS = (
					"DEBUG=1",
					"$(inherited)",
				);
				GCC_SYMBOLS_PRIVATE_EXTERN = NO;
				GCC_WARN_ABOUT_RETURN_TYPE = YES;
				GCC_WARN_UNINITIALIZED_AUTOS = YES;
				GCC_WARN_UNUSED_VARIABLE = YES;
				IPHONEOS_DEPLOYMENT_TARGET = 6.1;
				ONLY_ACTIVE_ARCH = YES;
				SDKROOT = iphoneos;
			};
			name = Debug;
		};
		4825850C1843D73D00CCC677 /* Release */ = {
			isa = XCBuildConfiguration;
			buildSettings = {
				ALWAYS_SEARCH_USER_PATHS = NO;
				CLANG_CXX_LANGUAGE_STANDARD = "gnu++0x";
				CLANG_CXX_LIBRARY = "libc++";
				CLANG_WARN_CONSTANT_CONVERSION = YES;
				CLANG_WARN_EMPTY_BODY = YES;
				CLANG_WARN_ENUM_CONVERSION = YES;
				CLANG_WARN_INT_CONVERSION = YES;
				CLANG_WARN__DUPLICATE_METHOD_MATCH = YES;
				"CODE_SIGN_IDENTITY[sdk=iphoneos*]" = "iPhone Developer";
				COPY_PHASE_STRIP = YES;
				GCC_C_LANGUAGE_STANDARD = gnu99;
				GCC_WARN_ABOUT_RETURN_TYPE = YES;
				GCC_WARN_UNINITIALIZED_AUTOS = YES;
				GCC_WARN_UNUSED_VARIABLE = YES;
				IPHONEOS_DEPLOYMENT_TARGET = 6.1;
				OTHER_CFLAGS = "-DNS_BLOCK_ASSERTIONS=1";
				SDKROOT = iphoneos;
				VALIDATE_PRODUCT = YES;
			};
			name = Release;
		};
		4825850E1843D73D00CCC677 /* Debug */ = {
			isa = XCBuildConfiguration;
			buildSettings = {
				GCC_PRECOMPILE_PREFIX_HEADER = YES;
				GCC_PREFIX_HEADER = "1. An Asychronous Example/1. An Asychronous Example-Prefix.pch";
				INFOPLIST_FILE = "1. An Asychronous Example/1. An Asychronous Example-Info.plist";
				PRODUCT_NAME = "$(TARGET_NAME)";
				WRAPPER_EXTENSION = app;
			};
			name = Debug;
		};
		4825850F1843D73D00CCC677 /* Release */ = {
			isa = XCBuildConfiguration;
			buildSettings = {
				GCC_PRECOMPILE_PREFIX_HEADER = YES;
				GCC_PREFIX_HEADER = "1. An Asychronous Example/1. An Asychronous Example-Prefix.pch";
				INFOPLIST_FILE = "1. An Asychronous Example/1. An Asychronous Example-Info.plist";
				PRODUCT_NAME = "$(TARGET_NAME)";
				WRAPPER_EXTENSION = app;
			};
			name = Release;
		};
/* End XCBuildConfiguration section */

/* Begin XCConfigurationList section */
		482584E51843D73C00CCC677 /* Build configuration list for PBXProject "1. An Asychronous Example" */ = {
			isa = XCConfigurationList;
			buildConfigurations = (
				4825850B1843D73D00CCC677 /* Debug */,
				4825850C1843D73D00CCC677 /* Release */,
			);
			defaultConfigurationIsVisible = 0;
			defaultConfigurationName = Release;
		};
		4825850D1843D73D00CCC677 /* Build configuration list for PBXNativeTarget "1. An Asychronous Example" */ = {
			isa = XCConfigurationList;
			buildConfigurations = (
				4825850E1843D73D00CCC677 /* Debug */,
				4825850F1843D73D00CCC677 /* Release */,
			);
			defaultConfigurationIsVisible = 0;
		};
/* End XCConfigurationList section */
	};
	rootObject = 482584E21843D73C00CCC677 /* Project object */;
}
